
Microsoft Visual Studio Solution File, Format Version 12.00
# Visual Studio 14
VisualStudioVersion = 14.0.25420.1
MinimumVisualStudioVersion = 10.0.40219.1
Project("{FAE04EC0-301F-11D3-BF4B-00C04F79EFBC}") = "UnitTestFakesLiftoff.UI", "UnitTestFakesLiftoff.UI\UnitTestFakesLiftoff.UI.csproj", "{59BFAB08-BDA4-4C07-8CF7-D7520C78BF5A}"
EndProject
Project("{FAE04EC0-301F-11D3-BF4B-00C04F79EFBC}") = "UnitTestFakesLiftoff.Core", "UnitTestFakesLiftoff.Core\UnitTestFakesLiftoff.Core.csproj", "{C37F1AEA-87BA-4A75-BBB4-445FFAC09001}"
EndProject
Project("{2150E333-8FDC-42A3-9474-1A3956D46DE8}") = "Testing", "Testing", "{92E4248F-8A9B-4DD2-912B-66C0DAEC095A}"
EndProject
Project("{FAE04EC0-301F-11D3-BF4B-00C04F79EFBC}") = "UnitTestFakesLiftoff.Core.Test", "UnitTestFakesLiftoff.Core.Test\UnitTestFakesLiftoff.Core.Test.csproj", "{F97406B3-22A4-46AC-92E3-6F07D82A69EE}"
EndProject
Global
	GlobalSection(SolutionConfigurationPlatforms) = preSolution
		Debug|Any CPU = Debug|Any CPU
		Release|Any CPU = Release|Any CPU
	EndGlobalSection
	GlobalSection(ProjectConfigurationPlatforms) = postSolution
		{59BFAB08-BDA4-4C07-8CF7-D7520C78BF5A}.Debug|Any CPU.ActiveCfg = Debug|Any CPU
		{59BFAB08-BDA4-4C07-8CF7-D7520C78BF5A}.Debug|Any CPU.Build.0 = Debug|Any CPU
		{59BFAB08-BDA4-4C07-8CF7-D7520C78BF5A}.Release|Any CPU.ActiveCfg = Release|Any CPU
		{59BFAB08-BDA4-4C07-8CF7-D7520C78BF5A}.Release|Any CPU.Build.0 = Release|Any CPU
		{C37F1AEA-87BA-4A75-BBB4-445FFAC09001}.Debug|Any CPU.ActiveCfg = Debug|Any CPU
		{C37F1AEA-87BA-4A75-BBB4-445FFAC09001}.Debug|Any CPU.Build.0 = Debug|Any CPU
		{C37F1AEA-87BA-4A75-BBB4-445FFAC09001}.Release|Any CPU.ActiveCfg = Release|Any CPU
		{C37F1AEA-87BA-4A75-BBB4-445FFAC09001}.Release|Any CPU.Build.0 = Release|Any CPU
		{F97406B3-22A4-46AC-92E3-6F07D82A69EE}.Debug|Any CPU.ActiveCfg = Debug|Any CPU
		{F97406B3-22A4-46AC-92E3-6F07D82A69EE}.Debug|Any CPU.Build.0 = Debug|Any CPU
		{F97406B3-22A4-46AC-92E3-6F07D82A69EE}.Release|Any CPU.ActiveCfg = Release|Any CPU
		{F97406B3-22A4-46AC-92E3-6F07D82A69EE}.Release|Any CPU.Build.0 = Release|Any CPU
	EndGlobalSection
	GlobalSection(SolutionProperties) = preSolution
		HideSolutionNode = FALSE
	EndGlobalSection
	GlobalSection(NestedProjects) = preSolution
		{F97406B3-22A4-46AC-92E3-6F07D82A69EE} = {92E4248F-8A9B-4DD2-912B-66C0DAEC095A}
	EndGlobalSection
EndGlobal
